
Microsoft Visual Studio Solution File, Format Version 12.00
# Visual Studio Version 17
VisualStudioVersion = 17.6.33723.286
MinimumVisualStudioVersion = 10.0.40219.1
Project("{9A19103F-16F7-4668-BE54-9A1E7A4F7556}") = "CaravanGame", "CaravanGame\CaravanGame.csproj", "{4854EE51-ADD9-40F6-999C-764FA9F715FB}"
EndProject
Global
	GlobalSection(SolutionConfigurationPlatforms) = preSolution
		Debug|Any CPU = Debug|Any CPU
		Release|Any CPU = Release|Any CPU
	EndGlobalSection
	GlobalSection(ProjectConfigurationPlatforms) = postSolution
		{4854EE51-ADD9-40F6-999C-764FA9F715FB}.Debug|Any CPU.ActiveCfg = Debug|Any CPU
		{4854EE51-ADD9-40F6-999C-764FA9F715FB}.Debug|Any CPU.Build.0 = Debug|Any CPU
		{4854EE51-ADD9-40F6-999C-764FA9F715FB}.Release|Any CPU.ActiveCfg = Release|Any CPU
		{4854EE51-ADD9-40F6-999C-764FA9F715FB}.Release|Any CPU.Build.0 = Release|Any CPU
	EndGlobalSection
	GlobalSection(SolutionProperties) = preSolution
		HideSolutionNode = FALSE
	EndGlobalSection
	GlobalSection(ExtensibilityGlobals) = postSolution
		SolutionGuid = {1AE0C642-94DD-4631-B293-590121D8B8A3}
	EndGlobalSection
EndGlobal
